// !$*UTF8*$!
{
	archiveVersion = 1;
	classes = {
	};
	objectVersion = 46;
	objects = {

/* Begin PBXBuildFile section */
		300D8E591EE8660E00DE1F9C /* AppDelegate.swift in Sources */ = {isa = PBXBuildFile; fileRef = 300D8E581EE8660E00DE1F9C /* AppDelegate.swift */; };
		300D8E5B1EE8660E00DE1F9C /* ViewController.swift in Sources */ = {isa = PBXBuildFile; fileRef = 300D8E5A1EE8660E00DE1F9C /* ViewController.swift */; };
		300D8E5E1EE8660E00DE1F9C /* Main.storyboard in Resources */ = {isa = PBXBuildFile; fileRef = 300D8E5C1EE8660E00DE1F9C /* Main.storyboard */; };
		300D8E601EE8660E00DE1F9C /* Assets.xcassets in Resources */ = {isa = PBXBuildFile; fileRef = 300D8E5F1EE8660E00DE1F9C /* Assets.xcassets */; };
		300D8E631EE8660E00DE1F9C /* LaunchScreen.storyboard in Resources */ = {isa = PBXBuildFile; fileRef = 300D8E611EE8660E00DE1F9C /* LaunchScreen.storyboard */; };
		300D8E6B1EE99BA900DE1F9C /* YesNicole.swift in Sources */ = {isa = PBXBuildFile; fileRef = 300D8E6A1EE99BA900DE1F9C /* YesNicole.swift */; };
		300D8E6D1EE9A07C00DE1F9C /* YesAnand.swift in Sources */ = {isa = PBXBuildFile; fileRef = 300D8E6C1EE9A07C00DE1F9C /* YesAnand.swift */; };
/* End PBXBuildFile section */

/* Begin PBXFileReference section */
		300D8E551EE8660E00DE1F9C /* I Love Nicole.app */ = {isa = PBXFileReference; explicitFileType = wrapper.application; includeInIndex = 0; path = "I Love Nicole.app"; sourceTree = BUILT_PRODUCTS_DIR; };
		300D8E581EE8660E00DE1F9C /* AppDelegate.swift */ = {isa = PBXFileReference; lastKnownFileType = sourcecode.swift; path = AppDelegate.swift; sourceTree = "<group>"; };
		300D8E5A1EE8660E00DE1F9C /* ViewController.swift */ = {isa = PBXFileReference; lastKnownFileType = sourcecode.swift; path = ViewController.swift; sourceTree = "<group>"; };
		300D8E5D1EE8660E00DE1F9C /* Base */ = {isa = PBXFileReference; lastKnownFileType = file.storyboard; name = Base; path = Base.lproj/Main.storyboard; sourceTree = "<group>"; };
		300D8E5F1EE8660E00DE1F9C /* Assets.xcassets */ = {isa = PBXFileReference; lastKnownFileType = folder.assetcatalog; path = Assets.xcassets; sourceTree = "<group>"; };
		300D8E621EE8660E00DE1F9C /* Base */ = {isa = PBXFileReference; lastKnownFileType = file.storyboard; name = Base; path = Base.lproj/LaunchScreen.storyboard; sourceTree = "<group>"; };
		300D8E641EE8660E00DE1F9C /* Info.plist */ = {isa = PBXFileReference; lastKnownFileType = text.plist.xml; path = Info.plist; sourceTree = "<group>"; };
		300D8E6A1EE99BA900DE1F9C /* YesNicole.swift */ = {isa = PBXFileReference; fileEncoding = 4; lastKnownFileType = sourcecode.swift; path = YesNicole.swift; sourceTree = "<group>"; };
		300D8E6C1EE9A07C00DE1F9C /* YesAnand.swift */ = {isa = PBXFileReference; fileEncoding = 4; lastKnownFileType = sourcecode.swift; path = YesAnand.swift; sourceTree = "<group>"; };
/* End PBXFileReference section */

/* Begin PBXFrameworksBuildPhase section */
		300D8E521EE8660E00DE1F9C /* Frameworks */ = {
			isa = PBXFrameworksBuildPhase;
			buildActionMask = 2147483647;
			files = (
			);
			runOnlyForDeploymentPostprocessing = 0;
		};
/* End PBXFrameworksBuildPhase section */

/* Begin PBXGroup section */
		300D8E4C1EE8660E00DE1F9C = {
			isa = PBXGroup;
			children = (
				300D8E571EE8660E00DE1F9C /* I Love Nicole */,
				300D8E561EE8660E00DE1F9C /* Products */,
			);
			sourceTree = "<group>";
		};
		300D8E561EE8660E00DE1F9C /* Products */ = {
			isa = PBXGroup;
			children = (
				300D8E551EE8660E00DE1F9C /* I Love Nicole.app */,
			);
			name = Products;
			sourceTree = "<group>";
		};
		300D8E571EE8660E00DE1F9C /* I Love Nicole */ = {
			isa = PBXGroup;
			children = (
				300D8E581EE8660E00DE1F9C /* AppDelegate.swift */,
				300D8E5A1EE8660E00DE1F9C /* ViewController.swift */,
				300D8E5C1EE8660E00DE1F9C /* Main.storyboard */,
				300D8E6C1EE9A07C00DE1F9C /* YesAnand.swift */,
				300D8E6A1EE99BA900DE1F9C /* YesNicole.swift */,
				300D8E5F1EE8660E00DE1F9C /* Assets.xcassets */,
				300D8E611EE8660E00DE1F9C /* LaunchScreen.storyboard */,
				300D8E641EE8660E00DE1F9C /* Info.plist */,
			);
			path = "I Love Nicole";
			sourceTree = "<group>";
		};
/* End PBXGroup section */

/* Begin PBXNativeTarget section */
		300D8E541EE8660E00DE1F9C /* I Love Nicole */ = {
			isa = PBXNativeTarget;
			buildConfigurationList = 300D8E671EE8660E00DE1F9C /* Build configuration list for PBXNativeTarget "I Love Nicole" */;
			buildPhases = (
				300D8E511EE8660E00DE1F9C /* Sources */,
				300D8E521EE8660E00DE1F9C /* Frameworks */,
				300D8E531EE8660E00DE1F9C /* Resources */,
			);
			buildRules = (
			);
			dependencies = (
			);
			name = "I Love Nicole";
			productName = "I Love Nicole";
			productReference = 300D8E551EE8660E00DE1F9C /* I Love Nicole.app */;
			productType = "com.apple.product-type.application";
		};
/* End PBXNativeTarget section */

/* Begin PBXProject section */
		300D8E4D1EE8660E00DE1F9C /* Project object */ = {
			isa = PBXProject;
			attributes = {
				LastSwiftUpdateCheck = 0830;
				LastUpgradeCheck = 0830;
				ORGANIZATIONNAME = "Anand Tyagi";
				TargetAttributes = {
					300D8E541EE8660E00DE1F9C = {
						CreatedOnToolsVersion = 8.3.2;
						DevelopmentTeam = 6GJRBU622M;
						ProvisioningStyle = Automatic;
					};
				};
			};
			buildConfigurationList = 300D8E501EE8660E00DE1F9C /* Build configuration list for PBXProject "I Love Nicole" */;
			compatibilityVersion = "Xcode 3.2";
			developmentRegion = English;
			hasScannedForEncodings = 0;
			knownRegions = (
				en,
				Base,
			);
			mainGroup = 300D8E4C1EE8660E00DE1F9C;
			productRefGroup = 300D8E561EE8660E00DE1F9C /* Products */;
			projectDirPath = "";
			projectRoot = "";
			targets = (
				300D8E541EE8660E00DE1F9C /* I Love Nicole */,
			);
		};
/* End PBXProject section */

/* Begin PBXResourcesBuildPhase section */
		300D8E531EE8660E00DE1F9C /* Resources */ = {
			isa = PBXResourcesBuildPhase;
			buildActionMask = 2147483647;
			files = (
				300D8E631EE8660E00DE1F9C /* LaunchScreen.storyboard in Resources */,
				300D8E601EE8660E00DE1F9C /* Assets.xcassets in Resources */,
				300D8E5E1EE8660E00DE1F9C /* Main.storyboard in Resources */,
			);
			runOnlyForDeploymentPostprocessing = 0;
		};
/* End PBXResourcesBuildPhase section */

/* Begin PBXSourcesBuildPhase section */
		300D8E511EE8660E00DE1F9C /* Sources */ = {
			isa = PBXSourcesBuildPhase;
			buildActionMask = 2147483647;
			files = (
				300D8E6D1EE9A07C00DE1F9C /* YesAnand.swift in Sources */,
				300D8E5B1EE8660E00DE1F9C /* ViewController.swift in Sources */,
				300D8E591EE8660E00DE1F9C /* AppDelegate.swift in Sources */,
				300D8E6B1EE99BA900DE1F9C /* YesNicole.swift in Sources */,
			);
			runOnlyForDeploymentPostprocessing = 0;
		};
/* End PBXSourcesBuildPhase section */

/* Begin PBXVariantGroup section */
		300D8E5C1EE8660E00DE1F9C /* Main.storyboard */ = {
			isa = PBXVariantGroup;
			children = (
				300D8E5D1EE8660E00DE1F9C /* Base */,
			);
			name = Main.storyboard;
			sourceTree = "<group>";
		};
		300D8E611EE8660E00DE1F9C /* LaunchScreen.storyboard */ = {
			isa = PBXVariantGroup;
			children = (
				300D8E621EE8660E00DE1F9C /* Base */,
			);
			name = LaunchScreen.storyboard;
			sourceTree = "<group>";
		};
/* End PBXVariantGroup section */

/* Begin XCBuildConfiguration section */
		300D8E651EE8660E00DE1F9C /* Debug */ = {
			isa = XCBuildConfiguration;
			buildSettings = {
				ALWAYS_SEARCH_USER_PATHS = NO;
				CLANG_ANALYZER_NONNULL = YES;
				CLANG_ANALYZER_NUMBER_OBJECT_CONVERSION = YES_AGGRESSIVE;
				CLANG_CXX_LANGUAGE_STANDARD = "gnu++0x";
				CLANG_CXX_LIBRARY = "libc++";
				CLANG_ENABLE_MODULES = YES;
				CLANG_ENABLE_OBJC_ARC = YES;
				CLANG_WARN_BOOL_CONVERSION = YES;
				CLANG_WARN_CONSTANT_CONVERSION = YES;
				CLANG_WARN_DIRECT_OBJC_ISA_USAGE = YES_ERROR;
				CLANG_WARN_DOCUMENTATION_COMMENTS = YES;
				CLANG_WARN_EMPTY_BODY = YES;
				CLANG_WARN_ENUM_CONVERSION = YES;
				CLANG_WARN_INFINITE_RECURSION = YES;
				CLANG_WARN_INT_CONVERSION = YES;
				CLANG_WARN_OBJC_ROOT_CLASS = YES_ERROR;
				CLANG_WARN_SUSPICIOUS_MOVE = YES;
				CLANG_WARN_UNREACHABLE_CODE = YES;
				CLANG_WARN__DUPLICATE_METHOD_MATCH = YES;
				"CODE_SIGN_IDENTITY[sdk=iphoneos*]" = "iPhone Developer";
				COPY_PHASE_STRIP = NO;
				DEBUG_INFORMATION_FORMAT = dwarf;
				ENABLE_STRICT_OBJC_MSGSEND = YES;
				ENABLE_TESTABILITY = YES;
				GCC_C_LANGUAGE_STANDARD = gnu99;
				GCC_DYNAMIC_NO_PIC = NO;
				GCC_NO_COMMON_BLOCKS = YES;
				GCC_OPTIMIZATION_LEVEL = 0;
				GCC_PREPROCESSOR_DEFINITIONS = (
					"DEBUG=1",
					"$(inherited)",
				);
				GCC_WARN_64_TO_32_BIT_CONVERSION = YES;
				GCC_WARN_ABOUT_RETURN_TYPE = YES_ERROR;
				GCC_WARN_UNDECLARED_SELECTOR = YES;
				GCC_WARN_UNINITIALIZED_AUTOS = YES_AGGRESSIVE;
				GCC_WARN_UNUSED_FUNCTION = YES;
				GCC_WARN_UNUSED_VARIABLE = YES;
				IPHONEOS_DEPLOYMENT_TARGET = 10.3;
				MTL_ENABLE_DEBUG_INFO = YES;
				ONLY_ACTIVE_ARCH = YES;
				SDKROOT = iphoneos;
				SWIFT_ACTIVE_COMPILATION_CONDITIONS = DEBUG;
				SWIFT_OPTIMIZATION_LEVEL = "-Onone";
				TARGETED_DEVICE_FAMILY = "1,2";
			};
			name = Debug;
		};
		300D8E661EE8660E00DE1F9C /* Release */ = {
			isa = XCBuildConfiguration;
			buildSettings = {
				ALWAYS_SEARCH_USER_PATHS = NO;
				CLANG_ANALYZER_NONNULL = YES;
				CLANG_ANALYZER_NUMBER_OBJECT_CONVERSION = YES_AGGRESSIVE;
				CLANG_CXX_LANGUAGE_STANDARD = "gnu++0x";
				CLANG_CXX_LIBRARY = "libc++";
				CLANG_ENABLE_MODULES = YES;
				CLANG_ENABLE_OBJC_ARC = YES;
				CLANG_WARN_BOOL_CONVERSION = YES;
				CLANG_WARN_CONSTANT_CONVERSION = YES;
				CLANG_WARN_DIRECT_OBJC_ISA_USAGE = YES_ERROR;
				CLANG_WARN_DOCUMENTATION_COMMENTS = YES;
				CLANG_WARN_EMPTY_BODY = YES;
				CLANG_WARN_ENUM_CONVERSION = YES;
				CLANG_WARN_INFINITE_RECURSION = YES;
				CLANG_WARN_INT_CONVERSION = YES;
				CLANG_WARN_OBJC_ROOT_CLASS = YES_ERROR;
				CLANG_WARN_SUSPICIOUS_MOVE = YES;
				CLANG_WARN_UNREACHABLE_CODE = YES;
				CLANG_WARN__DUPLICATE_METHOD_MATCH = YES;
				"CODE_SIGN_IDENTITY[sdk=iphoneos*]" = "iPhone Developer";
				COPY_PHASE_STRIP = NO;
				DEBUG_INFORMATION_FORMAT = "dwarf-with-dsym";
				ENABLE_NS_ASSERTIONS = NO;
				ENABLE_STRICT_OBJC_MSGSEND = YES;
				GCC_C_LANGUAGE_STANDARD = gnu99;
				GCC_NO_COMMON_BLOCKS = YES;
				GCC_WARN_64_TO_32_BIT_CONVERSION = YES;
				GCC_WARN_ABOUT_RETURN_TYPE = YES_ERROR;
				GCC_WARN_UNDECLARED_SELECTOR = YES;
				GCC_WARN_UNINITIALIZED_AUTOS = YES_AGGRESSIVE;
				GCC_WARN_UNUSED_FUNCTION = YES;
				GCC_WARN_UNUSED_VARIABLE = YES;
				IPHONEOS_DEPLOYMENT_TARGET = 10.3;
				MTL_ENABLE_DEBUG_INFO = NO;
				SDKROOT = iphoneos;
				SWIFT_OPTIMIZATION_LEVEL = "-Owholemodule";
				TARGETED_DEVICE_FAMILY = "1,2";
				VALIDATE_PRODUCT = YES;
			};
			name = Release;
		};
		300D8E681EE8660E00DE1F9C /* Debug */ = {
			isa = XCBuildConfiguration;
			buildSettings = {
				ASSETCATALOG_COMPILER_APPICON_NAME = AppIcon;
				DEVELOPMENT_TEAM = 6GJRBU622M;
				INFOPLIST_FILE = "I Love Nicole/Info.plist";
				IPHONEOS_DEPLOYMENT_TARGET = 10.0;
				LD_RUNPATH_SEARCH_PATHS = "$(inherited) @executable_path/Frameworks";
				PRODUCT_BUNDLE_IDENTIFIER = "Anand.Tyagi.I-Love-Nicole";
				PRODUCT_NAME = "$(TARGET_NAME)";
				SWIFT_VERSION = 3.0;
			};
			name = Debug;
		};
		300D8E691EE8660E00DE1F9C /* Release */ = {
			isa = XCBuildConfiguration;
			buildSettings = {
				ASSETCATALOG_COMPILER_APPICON_NAME = AppIcon;
				DEVELOPMENT_TEAM = 6GJRBU622M;
				INFOPLIST_FILE = "I Love Nicole/Info.plist";
				IPHONEOS_DEPLOYMENT_TARGET = 10.0;
				LD_RUNPATH_SEARCH_PATHS = "$(inherited) @executable_path/Frameworks";
				PRODUCT_BUNDLE_IDENTIFIER = "Anand.Tyagi.I-Love-Nicole";
				PRODUCT_NAME = "$(TARGET_NAME)";
				SWIFT_VERSION = 3.0;
			};
			name = Release;
		};
/* End XCBuildConfiguration section */

/* Begin XCConfigurationList section */
		300D8E501EE8660E00DE1F9C /* Build configuration list for PBXProject "I Love Nicole" */ = {
			isa = XCConfigurationList;
			buildConfigurations = (
				300D8E651EE8660E00DE1F9C /* Debug */,
				300D8E661EE8660E00DE1F9C /* Release */,
			);
			defaultConfigurationIsVisible = 0;
			defaultConfigurationName = Release;
		};
		300D8E671EE8660E00DE1F9C /* Build configuration list for PBXNativeTarget "I Love Nicole" */ = {
			isa = XCConfigurationList;
			buildConfigurations = (
				300D8E681EE8660E00DE1F9C /* Debug */,
				300D8E691EE8660E00DE1F9C /* Release */,
			);
			defaultConfigurationIsVisible = 0;
		};
/* End XCConfigurationList section */
	};
	rootObject = 300D8E4D1EE8660E00DE1F9C /* Project object */;
}
