// !$*UTF8*$!
{
	archiveVersion = 1;
	classes = {
	};
	objectVersion = 46;
	objects = {

/* Begin PBXBuildFile section */
		30E0A9F21EE18CF60040E617 /* AppDelegate.swift in Sources */ = {isa = PBXBuildFile; fileRef = 30E0A9F11EE18CF60040E617 /* AppDelegate.swift */; };
		30E0A9F41EE18CF60040E617 /* ViewController.swift in Sources */ = {isa = PBXBuildFile; fileRef = 30E0A9F31EE18CF60040E617 /* ViewController.swift */; };
		30E0A9F71EE18CF60040E617 /* Main.storyboard in Resources */ = {isa = PBXBuildFile; fileRef = 30E0A9F51EE18CF60040E617 /* Main.storyboard */; };
		30E0A9F91EE18CF60040E617 /* Assets.xcassets in Resources */ = {isa = PBXBuildFile; fileRef = 30E0A9F81EE18CF60040E617 /* Assets.xcassets */; };
		30E0A9FC1EE18CF60040E617 /* LaunchScreen.storyboard in Resources */ = {isa = PBXBuildFile; fileRef = 30E0A9FA1EE18CF60040E617 /* LaunchScreen.storyboard */; };
/* End PBXBuildFile section */

/* Begin PBXFileReference section */
		30E0A9EE1EE18CF60040E617 /* MapKitLearning.app */ = {isa = PBXFileReference; explicitFileType = wrapper.application; includeInIndex = 0; path = MapKitLearning.app; sourceTree = BUILT_PRODUCTS_DIR; };
		30E0A9F11EE18CF60040E617 /* AppDelegate.swift */ = {isa = PBXFileReference; lastKnownFileType = sourcecode.swift; path = AppDelegate.swift; sourceTree = "<group>"; };
		30E0A9F31EE18CF60040E617 /* ViewController.swift */ = {isa = PBXFileReference; lastKnownFileType = sourcecode.swift; path = ViewController.swift; sourceTree = "<group>"; };
		30E0A9F61EE18CF60040E617 /* Base */ = {isa = PBXFileReference; lastKnownFileType = file.storyboard; name = Base; path = Base.lproj/Main.storyboard; sourceTree = "<group>"; };
		30E0A9F81EE18CF60040E617 /* Assets.xcassets */ = {isa = PBXFileReference; lastKnownFileType = folder.assetcatalog; path = Assets.xcassets; sourceTree = "<group>"; };
		30E0A9FB1EE18CF60040E617 /* Base */ = {isa = PBXFileReference; lastKnownFileType = file.storyboard; name = Base; path = Base.lproj/LaunchScreen.storyboard; sourceTree = "<group>"; };
		30E0A9FD1EE18CF60040E617 /* Info.plist */ = {isa = PBXFileReference; lastKnownFileType = text.plist.xml; path = Info.plist; sourceTree = "<group>"; };
/* End PBXFileReference section */

/* Begin PBXFrameworksBuildPhase section */
		30E0A9EB1EE18CF60040E617 /* Frameworks */ = {
			isa = PBXFrameworksBuildPhase;
			buildActionMask = 2147483647;
			files = (
			);
			runOnlyForDeploymentPostprocessing = 0;
		};
/* End PBXFrameworksBuildPhase section */

/* Begin PBXGroup section */
		30E0A9E51EE18CF60040E617 = {
			isa = PBXGroup;
			children = (
				30E0A9F01EE18CF60040E617 /* MapKitLearning */,
				30E0A9EF1EE18CF60040E617 /* Products */,
			);
			sourceTree = "<group>";
		};
		30E0A9EF1EE18CF60040E617 /* Products */ = {
			isa = PBXGroup;
			children = (
				30E0A9EE1EE18CF60040E617 /* MapKitLearning.app */,
			);
			name = Products;
			sourceTree = "<group>";
		};
		30E0A9F01EE18CF60040E617 /* MapKitLearning */ = {
			isa = PBXGroup;
			children = (
				30E0A9F11EE18CF60040E617 /* AppDelegate.swift */,
				30E0A9F31EE18CF60040E617 /* ViewController.swift */,
				30E0A9F51EE18CF60040E617 /* Main.storyboard */,
				30E0A9F81EE18CF60040E617 /* Assets.xcassets */,
				30E0A9FA1EE18CF60040E617 /* LaunchScreen.storyboard */,
				30E0A9FD1EE18CF60040E617 /* Info.plist */,
			);
			path = MapKitLearning;
			sourceTree = "<group>";
		};
/* End PBXGroup section */

/* Begin PBXNativeTarget section */
		30E0A9ED1EE18CF60040E617 /* MapKitLearning */ = {
			isa = PBXNativeTarget;
			buildConfigurationList = 30E0AA001EE18CF60040E617 /* Build configuration list for PBXNativeTarget "MapKitLearning" */;
			buildPhases = (
				30E0A9EA1EE18CF60040E617 /* Sources */,
				30E0A9EB1EE18CF60040E617 /* Frameworks */,
				30E0A9EC1EE18CF60040E617 /* Resources */,
			);
			buildRules = (
			);
			dependencies = (
			);
			name = MapKitLearning;
			productName = MapKitLearning;
			productReference = 30E0A9EE1EE18CF60040E617 /* MapKitLearning.app */;
			productType = "com.apple.product-type.application";
		};
/* End PBXNativeTarget section */

/* Begin PBXProject section */
		30E0A9E61EE18CF60040E617 /* Project object */ = {
			isa = PBXProject;
			attributes = {
				LastSwiftUpdateCheck = 0830;
				LastUpgradeCheck = 0830;
				ORGANIZATIONNAME = "Anand Tyagi";
				TargetAttributes = {
					30E0A9ED1EE18CF60040E617 = {
						CreatedOnToolsVersion = 8.3.2;
						ProvisioningStyle = Automatic;
					};
				};
			};
			buildConfigurationList = 30E0A9E91EE18CF60040E617 /* Build configuration list for PBXProject "MapKitLearning" */;
			compatibilityVersion = "Xcode 3.2";
			developmentRegion = English;
			hasScannedForEncodings = 0;
			knownRegions = (
				en,
				Base,
			);
			mainGroup = 30E0A9E51EE18CF60040E617;
			productRefGroup = 30E0A9EF1EE18CF60040E617 /* Products */;
			projectDirPath = "";
			projectRoot = "";
			targets = (
				30E0A9ED1EE18CF60040E617 /* MapKitLearning */,
			);
		};
/* End PBXProject section */

/* Begin PBXResourcesBuildPhase section */
		30E0A9EC1EE18CF60040E617 /* Resources */ = {
			isa = PBXResourcesBuildPhase;
			buildActionMask = 2147483647;
			files = (
				30E0A9FC1EE18CF60040E617 /* LaunchScreen.storyboard in Resources */,
				30E0A9F91EE18CF60040E617 /* Assets.xcassets in Resources */,
				30E0A9F71EE18CF60040E617 /* Main.storyboard in Resources */,
			);
			runOnlyForDeploymentPostprocessing = 0;
		};
/* End PBXResourcesBuildPhase section */

/* Begin PBXSourcesBuildPhase section */
		30E0A9EA1EE18CF60040E617 /* Sources */ = {
			isa = PBXSourcesBuildPhase;
			buildActionMask = 2147483647;
			files = (
				30E0A9F41EE18CF60040E617 /* ViewController.swift in Sources */,
				30E0A9F21EE18CF60040E617 /* AppDelegate.swift in Sources */,
			);
			runOnlyForDeploymentPostprocessing = 0;
		};
/* End PBXSourcesBuildPhase section */

/* Begin PBXVariantGroup section */
		30E0A9F51EE18CF60040E617 /* Main.storyboard */ = {
			isa = PBXVariantGroup;
			children = (
				30E0A9F61EE18CF60040E617 /* Base */,
			);
			name = Main.storyboard;
			sourceTree = "<group>";
		};
		30E0A9FA1EE18CF60040E617 /* LaunchScreen.storyboard */ = {
			isa = PBXVariantGroup;
			children = (
				30E0A9FB1EE18CF60040E617 /* Base */,
			);
			name = LaunchScreen.storyboard;
			sourceTree = "<group>";
		};
/* End PBXVariantGroup section */

/* Begin XCBuildConfiguration section */
		30E0A9FE1EE18CF60040E617 /* Debug */ = {
			isa = XCBuildConfiguration;
			buildSettings = {
				ALWAYS_SEARCH_USER_PATHS = NO;
				CLANG_ANALYZER_NONNULL = YES;
				CLANG_ANALYZER_NUMBER_OBJECT_CONVERSION = YES_AGGRESSIVE;
				CLANG_CXX_LANGUAGE_STANDARD = "gnu++0x";
				CLANG_CXX_LIBRARY = "libc++";
				CLANG_ENABLE_MODULES = YES;
				CLANG_ENABLE_OBJC_ARC = YES;
				CLANG_WARN_BOOL_CONVERSION = YES;
				CLANG_WARN_CONSTANT_CONVERSION = YES;
				CLANG_WARN_DIRECT_OBJC_ISA_USAGE = YES_ERROR;
				CLANG_WARN_DOCUMENTATION_COMMENTS = YES;
				CLANG_WARN_EMPTY_BODY = YES;
				CLANG_WARN_ENUM_CONVERSION = YES;
				CLANG_WARN_INFINITE_RECURSION = YES;
				CLANG_WARN_INT_CONVERSION = YES;
				CLANG_WARN_OBJC_ROOT_CLASS = YES_ERROR;
				CLANG_WARN_SUSPICIOUS_MOVE = YES;
				CLANG_WARN_UNREACHABLE_CODE = YES;
				CLANG_WARN__DUPLICATE_METHOD_MATCH = YES;
				"CODE_SIGN_IDENTITY[sdk=iphoneos*]" = "iPhone Developer";
				COPY_PHASE_STRIP = NO;
				DEBUG_INFORMATION_FORMAT = dwarf;
				ENABLE_STRICT_OBJC_MSGSEND = YES;
				ENABLE_TESTABILITY = YES;
				GCC_C_LANGUAGE_STANDARD = gnu99;
				GCC_DYNAMIC_NO_PIC = NO;
				GCC_NO_COMMON_BLOCKS = YES;
				GCC_OPTIMIZATION_LEVEL = 0;
				GCC_PREPROCESSOR_DEFINITIONS = (
					"DEBUG=1",
					"$(inherited)",
				);
				GCC_WARN_64_TO_32_BIT_CONVERSION = YES;
				GCC_WARN_ABOUT_RETURN_TYPE = YES_ERROR;
				GCC_WARN_UNDECLARED_SELECTOR = YES;
				GCC_WARN_UNINITIALIZED_AUTOS = YES_AGGRESSIVE;
				GCC_WARN_UNUSED_FUNCTION = YES;
				GCC_WARN_UNUSED_VARIABLE = YES;
				IPHONEOS_DEPLOYMENT_TARGET = 10.3;
				MTL_ENABLE_DEBUG_INFO = YES;
				ONLY_ACTIVE_ARCH = YES;
				SDKROOT = iphoneos;
				SWIFT_ACTIVE_COMPILATION_CONDITIONS = DEBUG;
				SWIFT_OPTIMIZATION_LEVEL = "-Onone";
				TARGETED_DEVICE_FAMILY = "1,2";
			};
			name = Debug;
		};
		30E0A9FF1EE18CF60040E617 /* Release */ = {
			isa = XCBuildConfiguration;
			buildSettings = {
				ALWAYS_SEARCH_USER_PATHS = NO;
				CLANG_ANALYZER_NONNULL = YES;
				CLANG_ANALYZER_NUMBER_OBJECT_CONVERSION = YES_AGGRESSIVE;
				CLANG_CXX_LANGUAGE_STANDARD = "gnu++0x";
				CLANG_CXX_LIBRARY = "libc++";
				CLANG_ENABLE_MODULES = YES;
				CLANG_ENABLE_OBJC_ARC = YES;
				CLANG_WARN_BOOL_CONVERSION = YES;
				CLANG_WARN_CONSTANT_CONVERSION = YES;
				CLANG_WARN_DIRECT_OBJC_ISA_USAGE = YES_ERROR;
				CLANG_WARN_DOCUMENTATION_COMMENTS = YES;
				CLANG_WARN_EMPTY_BODY = YES;
				CLANG_WARN_ENUM_CONVERSION = YES;
				CLANG_WARN_INFINITE_RECURSION = YES;
				CLANG_WARN_INT_CONVERSION = YES;
				CLANG_WARN_OBJC_ROOT_CLASS = YES_ERROR;
				CLANG_WARN_SUSPICIOUS_MOVE = YES;
				CLANG_WARN_UNREACHABLE_CODE = YES;
				CLANG_WARN__DUPLICATE_METHOD_MATCH = YES;
				"CODE_SIGN_IDENTITY[sdk=iphoneos*]" = "iPhone Developer";
				COPY_PHASE_STRIP = NO;
				DEBUG_INFORMATION_FORMAT = "dwarf-with-dsym";
				ENABLE_NS_ASSERTIONS = NO;
				ENABLE_STRICT_OBJC_MSGSEND = YES;
				GCC_C_LANGUAGE_STANDARD = gnu99;
				GCC_NO_COMMON_BLOCKS = YES;
				GCC_WARN_64_TO_32_BIT_CONVERSION = YES;
				GCC_WARN_ABOUT_RETURN_TYPE = YES_ERROR;
				GCC_WARN_UNDECLARED_SELECTOR = YES;
				GCC_WARN_UNINITIALIZED_AUTOS = YES_AGGRESSIVE;
				GCC_WARN_UNUSED_FUNCTION = YES;
				GCC_WARN_UNUSED_VARIABLE = YES;
				IPHONEOS_DEPLOYMENT_TARGET = 10.3;
				MTL_ENABLE_DEBUG_INFO = NO;
				SDKROOT = iphoneos;
				SWIFT_OPTIMIZATION_LEVEL = "-Owholemodule";
				TARGETED_DEVICE_FAMILY = "1,2";
				VALIDATE_PRODUCT = YES;
			};
			name = Release;
		};
		30E0AA011EE18CF60040E617 /* Debug */ = {
			isa = XCBuildConfiguration;
			buildSettings = {
				ASSETCATALOG_COMPILER_APPICON_NAME = AppIcon;
				INFOPLIST_FILE = MapKitLearning/Info.plist;
				LD_RUNPATH_SEARCH_PATHS = "$(inherited) @executable_path/Frameworks";
				PRODUCT_BUNDLE_IDENTIFIER = Anand.Tyagi.MapKitLearning;
				PRODUCT_NAME = "$(TARGET_NAME)";
				SWIFT_VERSION = 3.0;
			};
			name = Debug;
		};
		30E0AA021EE18CF60040E617 /* Release */ = {
			isa = XCBuildConfiguration;
			buildSettings = {
				ASSETCATALOG_COMPILER_APPICON_NAME = AppIcon;
				INFOPLIST_FILE = MapKitLearning/Info.plist;
				LD_RUNPATH_SEARCH_PATHS = "$(inherited) @executable_path/Frameworks";
				PRODUCT_BUNDLE_IDENTIFIER = Anand.Tyagi.MapKitLearning;
				PRODUCT_NAME = "$(TARGET_NAME)";
				SWIFT_VERSION = 3.0;
			};
			name = Release;
		};
/* End XCBuildConfiguration section */

/* Begin XCConfigurationList section */
		30E0A9E91EE18CF60040E617 /* Build configuration list for PBXProject "MapKitLearning" */ = {
			isa = XCConfigurationList;
			buildConfigurations = (
				30E0A9FE1EE18CF60040E617 /* Debug */,
				30E0A9FF1EE18CF60040E617 /* Release */,
			);
			defaultConfigurationIsVisible = 0;
			defaultConfigurationName = Release;
		};
		30E0AA001EE18CF60040E617 /* Build configuration list for PBXNativeTarget "MapKitLearning" */ = {
			isa = XCConfigurationList;
			buildConfigurations = (
				30E0AA011EE18CF60040E617 /* Debug */,
				30E0AA021EE18CF60040E617 /* Release */,
			);
			defaultConfigurationIsVisible = 0;
		};
/* End XCConfigurationList section */
	};
	rootObject = 30E0A9E61EE18CF60040E617 /* Project object */;
}
