// !$*UTF8*$!
{
	archiveVersion = 1;
	classes = {
	};
	objectVersion = 46;
	objects = {

/* Begin PBXBuildFile section */
		306A6CF41B9A88FA00E4B783 /* AppDelegate.swift in Sources */ = {isa = PBXBuildFile; fileRef = 306A6CF31B9A88FA00E4B783 /* AppDelegate.swift */; };
		306A6CF61B9A88FA00E4B783 /* ViewController.swift in Sources */ = {isa = PBXBuildFile; fileRef = 306A6CF51B9A88FA00E4B783 /* ViewController.swift */; };
		306A6CF91B9A88FA00E4B783 /* Main.storyboard in Resources */ = {isa = PBXBuildFile; fileRef = 306A6CF71B9A88FA00E4B783 /* Main.storyboard */; };
		306A6CFB1B9A88FA00E4B783 /* Images.xcassets in Resources */ = {isa = PBXBuildFile; fileRef = 306A6CFA1B9A88FA00E4B783 /* Images.xcassets */; };
		306A6CFE1B9A88FA00E4B783 /* LaunchScreen.xib in Resources */ = {isa = PBXBuildFile; fileRef = 306A6CFC1B9A88FA00E4B783 /* LaunchScreen.xib */; };
		306A6D0A1B9A88FA00E4B783 /* SwiftLearningTests.swift in Sources */ = {isa = PBXBuildFile; fileRef = 306A6D091B9A88FA00E4B783 /* SwiftLearningTests.swift */; };
/* End PBXBuildFile section */

/* Begin PBXContainerItemProxy section */
		306A6D041B9A88FA00E4B783 /* PBXContainerItemProxy */ = {
			isa = PBXContainerItemProxy;
			containerPortal = 306A6CE61B9A88FA00E4B783 /* Project object */;
			proxyType = 1;
			remoteGlobalIDString = 306A6CED1B9A88FA00E4B783;
			remoteInfo = SwiftLearning;
		};
/* End PBXContainerItemProxy section */

/* Begin PBXFileReference section */
		306A6CEE1B9A88FA00E4B783 /* SwiftLearning.app */ = {isa = PBXFileReference; explicitFileType = wrapper.application; includeInIndex = 0; path = SwiftLearning.app; sourceTree = BUILT_PRODUCTS_DIR; };
		306A6CF21B9A88FA00E4B783 /* Info.plist */ = {isa = PBXFileReference; lastKnownFileType = text.plist.xml; path = Info.plist; sourceTree = "<group>"; };
		306A6CF31B9A88FA00E4B783 /* AppDelegate.swift */ = {isa = PBXFileReference; lastKnownFileType = sourcecode.swift; path = AppDelegate.swift; sourceTree = "<group>"; };
		306A6CF51B9A88FA00E4B783 /* ViewController.swift */ = {isa = PBXFileReference; lastKnownFileType = sourcecode.swift; path = ViewController.swift; sourceTree = "<group>"; };
		306A6CF81B9A88FA00E4B783 /* Base */ = {isa = PBXFileReference; lastKnownFileType = file.storyboard; name = Base; path = Base.lproj/Main.storyboard; sourceTree = "<group>"; };
		306A6CFA1B9A88FA00E4B783 /* Images.xcassets */ = {isa = PBXFileReference; lastKnownFileType = folder.assetcatalog; path = Images.xcassets; sourceTree = "<group>"; };
		306A6CFD1B9A88FA00E4B783 /* Base */ = {isa = PBXFileReference; lastKnownFileType = file.xib; name = Base; path = Base.lproj/LaunchScreen.xib; sourceTree = "<group>"; };
		306A6D031B9A88FA00E4B783 /* SwiftLearningTests.xctest */ = {isa = PBXFileReference; explicitFileType = wrapper.cfbundle; includeInIndex = 0; path = SwiftLearningTests.xctest; sourceTree = BUILT_PRODUCTS_DIR; };
		306A6D081B9A88FA00E4B783 /* Info.plist */ = {isa = PBXFileReference; lastKnownFileType = text.plist.xml; path = Info.plist; sourceTree = "<group>"; };
		306A6D091B9A88FA00E4B783 /* SwiftLearningTests.swift */ = {isa = PBXFileReference; lastKnownFileType = sourcecode.swift; path = SwiftLearningTests.swift; sourceTree = "<group>"; };
/* End PBXFileReference section */

/* Begin PBXFrameworksBuildPhase section */
		306A6CEB1B9A88FA00E4B783 /* Frameworks */ = {
			isa = PBXFrameworksBuildPhase;
			buildActionMask = 2147483647;
			files = (
			);
			runOnlyForDeploymentPostprocessing = 0;
		};
		306A6D001B9A88FA00E4B783 /* Frameworks */ = {
			isa = PBXFrameworksBuildPhase;
			buildActionMask = 2147483647;
			files = (
			);
			runOnlyForDeploymentPostprocessing = 0;
		};
/* End PBXFrameworksBuildPhase section */

/* Begin PBXGroup section */
		306A6CE51B9A88FA00E4B783 = {
			isa = PBXGroup;
			children = (
				306A6CF01B9A88FA00E4B783 /* SwiftLearning */,
				306A6D061B9A88FA00E4B783 /* SwiftLearningTests */,
				306A6CEF1B9A88FA00E4B783 /* Products */,
			);
			sourceTree = "<group>";
		};
		306A6CEF1B9A88FA00E4B783 /* Products */ = {
			isa = PBXGroup;
			children = (
				306A6CEE1B9A88FA00E4B783 /* SwiftLearning.app */,
				306A6D031B9A88FA00E4B783 /* SwiftLearningTests.xctest */,
			);
			name = Products;
			sourceTree = "<group>";
		};
		306A6CF01B9A88FA00E4B783 /* SwiftLearning */ = {
			isa = PBXGroup;
			children = (
				306A6CF31B9A88FA00E4B783 /* AppDelegate.swift */,
				306A6CF51B9A88FA00E4B783 /* ViewController.swift */,
				306A6CF71B9A88FA00E4B783 /* Main.storyboard */,
				306A6CFA1B9A88FA00E4B783 /* Images.xcassets */,
				306A6CFC1B9A88FA00E4B783 /* LaunchScreen.xib */,
				306A6CF11B9A88FA00E4B783 /* Supporting Files */,
			);
			path = SwiftLearning;
			sourceTree = "<group>";
		};
		306A6CF11B9A88FA00E4B783 /* Supporting Files */ = {
			isa = PBXGroup;
			children = (
				306A6CF21B9A88FA00E4B783 /* Info.plist */,
			);
			name = "Supporting Files";
			sourceTree = "<group>";
		};
		306A6D061B9A88FA00E4B783 /* SwiftLearningTests */ = {
			isa = PBXGroup;
			children = (
				306A6D091B9A88FA00E4B783 /* SwiftLearningTests.swift */,
				306A6D071B9A88FA00E4B783 /* Supporting Files */,
			);
			path = SwiftLearningTests;
			sourceTree = "<group>";
		};
		306A6D071B9A88FA00E4B783 /* Supporting Files */ = {
			isa = PBXGroup;
			children = (
				306A6D081B9A88FA00E4B783 /* Info.plist */,
			);
			name = "Supporting Files";
			sourceTree = "<group>";
		};
/* End PBXGroup section */

/* Begin PBXNativeTarget section */
		306A6CED1B9A88FA00E4B783 /* SwiftLearning */ = {
			isa = PBXNativeTarget;
			buildConfigurationList = 306A6D0D1B9A88FA00E4B783 /* Build configuration list for PBXNativeTarget "SwiftLearning" */;
			buildPhases = (
				306A6CEA1B9A88FA00E4B783 /* Sources */,
				306A6CEB1B9A88FA00E4B783 /* Frameworks */,
				306A6CEC1B9A88FA00E4B783 /* Resources */,
			);
			buildRules = (
			);
			dependencies = (
			);
			name = SwiftLearning;
			productName = SwiftLearning;
			productReference = 306A6CEE1B9A88FA00E4B783 /* SwiftLearning.app */;
			productType = "com.apple.product-type.application";
		};
		306A6D021B9A88FA00E4B783 /* SwiftLearningTests */ = {
			isa = PBXNativeTarget;
			buildConfigurationList = 306A6D101B9A88FA00E4B783 /* Build configuration list for PBXNativeTarget "SwiftLearningTests" */;
			buildPhases = (
				306A6CFF1B9A88FA00E4B783 /* Sources */,
				306A6D001B9A88FA00E4B783 /* Frameworks */,
				306A6D011B9A88FA00E4B783 /* Resources */,
			);
			buildRules = (
			);
			dependencies = (
				306A6D051B9A88FA00E4B783 /* PBXTargetDependency */,
			);
			name = SwiftLearningTests;
			productName = SwiftLearningTests;
			productReference = 306A6D031B9A88FA00E4B783 /* SwiftLearningTests.xctest */;
			productType = "com.apple.product-type.bundle.unit-test";
		};
/* End PBXNativeTarget section */

/* Begin PBXProject section */
		306A6CE61B9A88FA00E4B783 /* Project object */ = {
			isa = PBXProject;
			attributes = {
				LastUpgradeCheck = 0640;
				ORGANIZATIONNAME = "Anand Tyagi";
				TargetAttributes = {
					306A6CED1B9A88FA00E4B783 = {
						CreatedOnToolsVersion = 6.4;
					};
					306A6D021B9A88FA00E4B783 = {
						CreatedOnToolsVersion = 6.4;
						TestTargetID = 306A6CED1B9A88FA00E4B783;
					};
				};
			};
			buildConfigurationList = 306A6CE91B9A88FA00E4B783 /* Build configuration list for PBXProject "SwiftLearning" */;
			compatibilityVersion = "Xcode 3.2";
			developmentRegion = English;
			hasScannedForEncodings = 0;
			knownRegions = (
				en,
				Base,
			);
			mainGroup = 306A6CE51B9A88FA00E4B783;
			productRefGroup = 306A6CEF1B9A88FA00E4B783 /* Products */;
			projectDirPath = "";
			projectRoot = "";
			targets = (
				306A6CED1B9A88FA00E4B783 /* SwiftLearning */,
				306A6D021B9A88FA00E4B783 /* SwiftLearningTests */,
			);
		};
/* End PBXProject section */

/* Begin PBXResourcesBuildPhase section */
		306A6CEC1B9A88FA00E4B783 /* Resources */ = {
			isa = PBXResourcesBuildPhase;
			buildActionMask = 2147483647;
			files = (
				306A6CF91B9A88FA00E4B783 /* Main.storyboard in Resources */,
				306A6CFE1B9A88FA00E4B783 /* LaunchScreen.xib in Resources */,
				306A6CFB1B9A88FA00E4B783 /* Images.xcassets in Resources */,
			);
			runOnlyForDeploymentPostprocessing = 0;
		};
		306A6D011B9A88FA00E4B783 /* Resources */ = {
			isa = PBXResourcesBuildPhase;
			buildActionMask = 2147483647;
			files = (
			);
			runOnlyForDeploymentPostprocessing = 0;
		};
/* End PBXResourcesBuildPhase section */

/* Begin PBXSourcesBuildPhase section */
		306A6CEA1B9A88FA00E4B783 /* Sources */ = {
			isa = PBXSourcesBuildPhase;
			buildActionMask = 2147483647;
			files = (
				306A6CF61B9A88FA00E4B783 /* ViewController.swift in Sources */,
				306A6CF41B9A88FA00E4B783 /* AppDelegate.swift in Sources */,
			);
			runOnlyForDeploymentPostprocessing = 0;
		};
		306A6CFF1B9A88FA00E4B783 /* Sources */ = {
			isa = PBXSourcesBuildPhase;
			buildActionMask = 2147483647;
			files = (
				306A6D0A1B9A88FA00E4B783 /* SwiftLearningTests.swift in Sources */,
			);
			runOnlyForDeploymentPostprocessing = 0;
		};
/* End PBXSourcesBuildPhase section */

/* Begin PBXTargetDependency section */
		306A6D051B9A88FA00E4B783 /* PBXTargetDependency */ = {
			isa = PBXTargetDependency;
			target = 306A6CED1B9A88FA00E4B783 /* SwiftLearning */;
			targetProxy = 306A6D041B9A88FA00E4B783 /* PBXContainerItemProxy */;
		};
/* End PBXTargetDependency section */

/* Begin PBXVariantGroup section */
		306A6CF71B9A88FA00E4B783 /* Main.storyboard */ = {
			isa = PBXVariantGroup;
			children = (
				306A6CF81B9A88FA00E4B783 /* Base */,
			);
			name = Main.storyboard;
			sourceTree = "<group>";
		};
		306A6CFC1B9A88FA00E4B783 /* LaunchScreen.xib */ = {
			isa = PBXVariantGroup;
			children = (
				306A6CFD1B9A88FA00E4B783 /* Base */,
			);
			name = LaunchScreen.xib;
			sourceTree = "<group>";
		};
/* End PBXVariantGroup section */

/* Begin XCBuildConfiguration section */
		306A6D0B1B9A88FA00E4B783 /* Debug */ = {
			isa = XCBuildConfiguration;
			buildSettings = {
				ALWAYS_SEARCH_USER_PATHS = NO;
				CLANG_CXX_LANGUAGE_STANDARD = "gnu++0x";
				CLANG_CXX_LIBRARY = "libc++";
				CLANG_ENABLE_MODULES = YES;
				CLANG_ENABLE_OBJC_ARC = YES;
				CLANG_WARN_BOOL_CONVERSION = YES;
				CLANG_WARN_CONSTANT_CONVERSION = YES;
				CLANG_WARN_DIRECT_OBJC_ISA_USAGE = YES_ERROR;
				CLANG_WARN_EMPTY_BODY = YES;
				CLANG_WARN_ENUM_CONVERSION = YES;
				CLANG_WARN_INT_CONVERSION = YES;
				CLANG_WARN_OBJC_ROOT_CLASS = YES_ERROR;
				CLANG_WARN_UNREACHABLE_CODE = YES;
				CLANG_WARN__DUPLICATE_METHOD_MATCH = YES;
				"CODE_SIGN_IDENTITY[sdk=iphoneos*]" = "iPhone Developer";
				COPY_PHASE_STRIP = NO;
				DEBUG_INFORMATION_FORMAT = "dwarf-with-dsym";
				ENABLE_STRICT_OBJC_MSGSEND = YES;
				GCC_C_LANGUAGE_STANDARD = gnu99;
				GCC_DYNAMIC_NO_PIC = NO;
				GCC_NO_COMMON_BLOCKS = YES;
				GCC_OPTIMIZATION_LEVEL = 0;
				GCC_PREPROCESSOR_DEFINITIONS = (
					"DEBUG=1",
					"$(inherited)",
				);
				GCC_SYMBOLS_PRIVATE_EXTERN = NO;
				GCC_WARN_64_TO_32_BIT_CONVERSION = YES;
				GCC_WARN_ABOUT_RETURN_TYPE = YES_ERROR;
				GCC_WARN_UNDECLARED_SELECTOR = YES;
				GCC_WARN_UNINITIALIZED_AUTOS = YES_AGGRESSIVE;
				GCC_WARN_UNUSED_FUNCTION = YES;
				GCC_WARN_UNUSED_VARIABLE = YES;
				IPHONEOS_DEPLOYMENT_TARGET = 8.4;
				MTL_ENABLE_DEBUG_INFO = YES;
				ONLY_ACTIVE_ARCH = YES;
				SDKROOT = iphoneos;
				SWIFT_OPTIMIZATION_LEVEL = "-Onone";
				TARGETED_DEVICE_FAMILY = "1,2";
			};
			name = Debug;
		};
		306A6D0C1B9A88FA00E4B783 /* Release */ = {
			isa = XCBuildConfiguration;
			buildSettings = {
				ALWAYS_SEARCH_USER_PATHS = NO;
				CLANG_CXX_LANGUAGE_STANDARD = "gnu++0x";
				CLANG_CXX_LIBRARY = "libc++";
				CLANG_ENABLE_MODULES = YES;
				CLANG_ENABLE_OBJC_ARC = YES;
				CLANG_WARN_BOOL_CONVERSION = YES;
				CLANG_WARN_CONSTANT_CONVERSION = YES;
				CLANG_WARN_DIRECT_OBJC_ISA_USAGE = YES_ERROR;
				CLANG_WARN_EMPTY_BODY = YES;
				CLANG_WARN_ENUM_CONVERSION = YES;
				CLANG_WARN_INT_CONVERSION = YES;
				CLANG_WARN_OBJC_ROOT_CLASS = YES_ERROR;
				CLANG_WARN_UNREACHABLE_CODE = YES;
				CLANG_WARN__DUPLICATE_METHOD_MATCH = YES;
				"CODE_SIGN_IDENTITY[sdk=iphoneos*]" = "iPhone Developer";
				COPY_PHASE_STRIP = NO;
				DEBUG_INFORMATION_FORMAT = "dwarf-with-dsym";
				ENABLE_NS_ASSERTIONS = NO;
				ENABLE_STRICT_OBJC_MSGSEND = YES;
				GCC_C_LANGUAGE_STANDARD = gnu99;
				GCC_NO_COMMON_BLOCKS = YES;
				GCC_WARN_64_TO_32_BIT_CONVERSION = YES;
				GCC_WARN_ABOUT_RETURN_TYPE = YES_ERROR;
				GCC_WARN_UNDECLARED_SELECTOR = YES;
				GCC_WARN_UNINITIALIZED_AUTOS = YES_AGGRESSIVE;
				GCC_WARN_UNUSED_FUNCTION = YES;
				GCC_WARN_UNUSED_VARIABLE = YES;
				IPHONEOS_DEPLOYMENT_TARGET = 8.4;
				MTL_ENABLE_DEBUG_INFO = NO;
				SDKROOT = iphoneos;
				TARGETED_DEVICE_FAMILY = "1,2";
				VALIDATE_PRODUCT = YES;
			};
			name = Release;
		};
		306A6D0E1B9A88FA00E4B783 /* Debug */ = {
			isa = XCBuildConfiguration;
			buildSettings = {
				ASSETCATALOG_COMPILER_APPICON_NAME = AppIcon;
				INFOPLIST_FILE = SwiftLearning/Info.plist;
				LD_RUNPATH_SEARCH_PATHS = "$(inherited) @executable_path/Frameworks";
				PRODUCT_NAME = "$(TARGET_NAME)";
			};
			name = Debug;
		};
		306A6D0F1B9A88FA00E4B783 /* Release */ = {
			isa = XCBuildConfiguration;
			buildSettings = {
				ASSETCATALOG_COMPILER_APPICON_NAME = AppIcon;
				INFOPLIST_FILE = SwiftLearning/Info.plist;
				LD_RUNPATH_SEARCH_PATHS = "$(inherited) @executable_path/Frameworks";
				PRODUCT_NAME = "$(TARGET_NAME)";
			};
			name = Release;
		};
		306A6D111B9A88FA00E4B783 /* Debug */ = {
			isa = XCBuildConfiguration;
			buildSettings = {
				BUNDLE_LOADER = "$(TEST_HOST)";
				FRAMEWORK_SEARCH_PATHS = (
					"$(SDKROOT)/Developer/Library/Frameworks",
					"$(inherited)",
				);
				GCC_PREPROCESSOR_DEFINITIONS = (
					"DEBUG=1",
					"$(inherited)",
				);
				INFOPLIST_FILE = SwiftLearningTests/Info.plist;
				LD_RUNPATH_SEARCH_PATHS = "$(inherited) @executable_path/Frameworks @loader_path/Frameworks";
				PRODUCT_NAME = "$(TARGET_NAME)";
				TEST_HOST = "$(BUILT_PRODUCTS_DIR)/SwiftLearning.app/SwiftLearning";
			};
			name = Debug;
		};
		306A6D121B9A88FA00E4B783 /* Release */ = {
			isa = XCBuildConfiguration;
			buildSettings = {
				BUNDLE_LOADER = "$(TEST_HOST)";
				FRAMEWORK_SEARCH_PATHS = (
					"$(SDKROOT)/Developer/Library/Frameworks",
					"$(inherited)",
				);
				INFOPLIST_FILE = SwiftLearningTests/Info.plist;
				LD_RUNPATH_SEARCH_PATHS = "$(inherited) @executable_path/Frameworks @loader_path/Frameworks";
				PRODUCT_NAME = "$(TARGET_NAME)";
				TEST_HOST = "$(BUILT_PRODUCTS_DIR)/SwiftLearning.app/SwiftLearning";
			};
			name = Release;
		};
/* End XCBuildConfiguration section */

/* Begin XCConfigurationList section */
		306A6CE91B9A88FA00E4B783 /* Build configuration list for PBXProject "SwiftLearning" */ = {
			isa = XCConfigurationList;
			buildConfigurations = (
				306A6D0B1B9A88FA00E4B783 /* Debug */,
				306A6D0C1B9A88FA00E4B783 /* Release */,
			);
			defaultConfigurationIsVisible = 0;
			defaultConfigurationName = Release;
		};
		306A6D0D1B9A88FA00E4B783 /* Build configuration list for PBXNativeTarget "SwiftLearning" */ = {
			isa = XCConfigurationList;
			buildConfigurations = (
				306A6D0E1B9A88FA00E4B783 /* Debug */,
				306A6D0F1B9A88FA00E4B783 /* Release */,
			);
			defaultConfigurationIsVisible = 0;
		};
		306A6D101B9A88FA00E4B783 /* Build configuration list for PBXNativeTarget "SwiftLearningTests" */ = {
			isa = XCConfigurationList;
			buildConfigurations = (
				306A6D111B9A88FA00E4B783 /* Debug */,
				306A6D121B9A88FA00E4B783 /* Release */,
			);
			defaultConfigurationIsVisible = 0;
		};
/* End XCConfigurationList section */
	};
	rootObject = 306A6CE61B9A88FA00E4B783 /* Project object */;
}
